
Microsoft Visual Studio Solution File, Format Version 12.00
# Visual Studio Version 17
VisualStudioVersion = 17.14.36429.23 d17.14
MinimumVisualStudioVersion = 10.0.40219.1
Project("{FAE04EC0-301F-11D3-BF4B-00C04F79EFBC}") = "Übungsaufgaben zu Schleifen Teil 2", "Übungsaufgaben zu Schleifen Teil 2\Übungsaufgaben zu Schleifen Teil 2.csproj", "{5BAE1613-E8EA-484D-99E7-8356EC29528B}"
EndProject
Global
	GlobalSection(SolutionConfigurationPlatforms) = preSolution
		Debug|Any CPU = Debug|Any CPU
		Release|Any CPU = Release|Any CPU
	EndGlobalSection
	GlobalSection(ProjectConfigurationPlatforms) = postSolution
		{5BAE1613-E8EA-484D-99E7-8356EC29528B}.Debug|Any CPU.ActiveCfg = Debug|Any CPU
		{5BAE1613-E8EA-484D-99E7-8356EC29528B}.Debug|Any CPU.Build.0 = Debug|Any CPU
		{5BAE1613-E8EA-484D-99E7-8356EC29528B}.Release|Any CPU.ActiveCfg = Release|Any CPU
		{5BAE1613-E8EA-484D-99E7-8356EC29528B}.Release|Any CPU.Build.0 = Release|Any CPU
	EndGlobalSection
	GlobalSection(SolutionProperties) = preSolution
		HideSolutionNode = FALSE
	EndGlobalSection
	GlobalSection(ExtensibilityGlobals) = postSolution
		SolutionGuid = {98E5C3B1-67FE-414C-A02F-BC8C6D34E89D}
	EndGlobalSection
EndGlobal
