
Microsoft Visual Studio Solution File, Format Version 12.00
# Visual Studio Version 17
VisualStudioVersion = 17.14.36429.23 d17.14
MinimumVisualStudioVersion = 10.0.40219.1
Project("{FAE04EC0-301F-11D3-BF4B-00C04F79EFBC}") = "excelmerge", "excelmerge\excelmerge.csproj", "{2BDFF1C7-F72B-4E23-8456-1D59FAFA0BCD}"
EndProject
Global
	GlobalSection(SolutionConfigurationPlatforms) = preSolution
		Debug|Any CPU = Debug|Any CPU
		Release|Any CPU = Release|Any CPU
	EndGlobalSection
	GlobalSection(ProjectConfigurationPlatforms) = postSolution
		{2BDFF1C7-F72B-4E23-8456-1D59FAFA0BCD}.Debug|Any CPU.ActiveCfg = Debug|Any CPU
		{2BDFF1C7-F72B-4E23-8456-1D59FAFA0BCD}.Debug|Any CPU.Build.0 = Debug|Any CPU
		{2BDFF1C7-F72B-4E23-8456-1D59FAFA0BCD}.Release|Any CPU.ActiveCfg = Release|Any CPU
		{2BDFF1C7-F72B-4E23-8456-1D59FAFA0BCD}.Release|Any CPU.Build.0 = Release|Any CPU
	EndGlobalSection
	GlobalSection(SolutionProperties) = preSolution
		HideSolutionNode = FALSE
	EndGlobalSection
	GlobalSection(ExtensibilityGlobals) = postSolution
		SolutionGuid = {F794554E-0A3A-4913-A788-3DA1BCF45F59}
	EndGlobalSection
EndGlobal
