
Microsoft Visual Studio Solution File, Format Version 12.00
# Visual Studio Version 17
VisualStudioVersion = 17.14.36429.23 d17.14
MinimumVisualStudioVersion = 10.0.40219.1
Project("{FAE04EC0-301F-11D3-BF4B-00C04F79EFBC}") = "Quadrat - Klausrübung", "Quadrat - Klausrübung\Quadrat - Klausrübung.csproj", "{C71C0280-1CF0-4ECC-B7DD-9796F2776BE5}"
EndProject
Global
	GlobalSection(SolutionConfigurationPlatforms) = preSolution
		Debug|Any CPU = Debug|Any CPU
		Release|Any CPU = Release|Any CPU
	EndGlobalSection
	GlobalSection(ProjectConfigurationPlatforms) = postSolution
		{C71C0280-1CF0-4ECC-B7DD-9796F2776BE5}.Debug|Any CPU.ActiveCfg = Debug|Any CPU
		{C71C0280-1CF0-4ECC-B7DD-9796F2776BE5}.Debug|Any CPU.Build.0 = Debug|Any CPU
		{C71C0280-1CF0-4ECC-B7DD-9796F2776BE5}.Release|Any CPU.ActiveCfg = Release|Any CPU
		{C71C0280-1CF0-4ECC-B7DD-9796F2776BE5}.Release|Any CPU.Build.0 = Release|Any CPU
	EndGlobalSection
	GlobalSection(SolutionProperties) = preSolution
		HideSolutionNode = FALSE
	EndGlobalSection
	GlobalSection(ExtensibilityGlobals) = postSolution
		SolutionGuid = {DFCD01FB-5B94-4D43-98AB-121DA64B417D}
	EndGlobalSection
EndGlobal
