
Microsoft Visual Studio Solution File, Format Version 12.00
# Visual Studio Version 17
VisualStudioVersion = 17.14.36429.23 d17.14
MinimumVisualStudioVersion = 10.0.40219.1
Project("{FAE04EC0-301F-11D3-BF4B-00C04F79EFBC}") = "Test Windows Forms App", "Test Windows Forms App\Test Windows Forms App.csproj", "{90D22659-B015-449B-8390-C1B0278DE048}"
EndProject
Global
	GlobalSection(SolutionConfigurationPlatforms) = preSolution
		Debug|Any CPU = Debug|Any CPU
		Release|Any CPU = Release|Any CPU
	EndGlobalSection
	GlobalSection(ProjectConfigurationPlatforms) = postSolution
		{90D22659-B015-449B-8390-C1B0278DE048}.Debug|Any CPU.ActiveCfg = Debug|Any CPU
		{90D22659-B015-449B-8390-C1B0278DE048}.Debug|Any CPU.Build.0 = Debug|Any CPU
		{90D22659-B015-449B-8390-C1B0278DE048}.Release|Any CPU.ActiveCfg = Release|Any CPU
		{90D22659-B015-449B-8390-C1B0278DE048}.Release|Any CPU.Build.0 = Release|Any CPU
	EndGlobalSection
	GlobalSection(SolutionProperties) = preSolution
		HideSolutionNode = FALSE
	EndGlobalSection
	GlobalSection(ExtensibilityGlobals) = postSolution
		SolutionGuid = {17B8FB6F-B07C-4208-8684-47E740E969BA}
	EndGlobalSection
EndGlobal
