
Microsoft Visual Studio Solution File, Format Version 12.00
# Visual Studio Version 17
VisualStudioVersion = 17.14.36429.23 d17.14
MinimumVisualStudioVersion = 10.0.40219.1
Project("{FAE04EC0-301F-11D3-BF4B-00C04F79EFBC}") = "OOPBeispiele", "OOPBeispiele\OOPBeispiele.csproj", "{8635FFEB-189C-4A9A-B1F3-0B91BC8E29BD}"
EndProject
Global
	GlobalSection(SolutionConfigurationPlatforms) = preSolution
		Debug|Any CPU = Debug|Any CPU
		Release|Any CPU = Release|Any CPU
	EndGlobalSection
	GlobalSection(ProjectConfigurationPlatforms) = postSolution
		{8635FFEB-189C-4A9A-B1F3-0B91BC8E29BD}.Debug|Any CPU.ActiveCfg = Debug|Any CPU
		{8635FFEB-189C-4A9A-B1F3-0B91BC8E29BD}.Debug|Any CPU.Build.0 = Debug|Any CPU
		{8635FFEB-189C-4A9A-B1F3-0B91BC8E29BD}.Release|Any CPU.ActiveCfg = Release|Any CPU
		{8635FFEB-189C-4A9A-B1F3-0B91BC8E29BD}.Release|Any CPU.Build.0 = Release|Any CPU
	EndGlobalSection
	GlobalSection(SolutionProperties) = preSolution
		HideSolutionNode = FALSE
	EndGlobalSection
	GlobalSection(ExtensibilityGlobals) = postSolution
		SolutionGuid = {88E871D1-4453-4445-9067-846BEA7D1C78}
	EndGlobalSection
EndGlobal
