
Microsoft Visual Studio Solution File, Format Version 12.00
# Visual Studio Version 17
VisualStudioVersion = 17.14.36429.23 d17.14
MinimumVisualStudioVersion = 10.0.40219.1
Project("{FAE04EC0-301F-11D3-BF4B-00C04F79EFBC}") = "Bußgeldrechner", "Bußgeldrechner\Bußgeldrechner.csproj", "{87AF0172-AA8F-45E1-AFFF-5F537EBC5CFC}"
EndProject
Global
	GlobalSection(SolutionConfigurationPlatforms) = preSolution
		Debug|Any CPU = Debug|Any CPU
		Release|Any CPU = Release|Any CPU
	EndGlobalSection
	GlobalSection(ProjectConfigurationPlatforms) = postSolution
		{87AF0172-AA8F-45E1-AFFF-5F537EBC5CFC}.Debug|Any CPU.ActiveCfg = Debug|Any CPU
		{87AF0172-AA8F-45E1-AFFF-5F537EBC5CFC}.Debug|Any CPU.Build.0 = Debug|Any CPU
		{87AF0172-AA8F-45E1-AFFF-5F537EBC5CFC}.Release|Any CPU.ActiveCfg = Release|Any CPU
		{87AF0172-AA8F-45E1-AFFF-5F537EBC5CFC}.Release|Any CPU.Build.0 = Release|Any CPU
	EndGlobalSection
	GlobalSection(SolutionProperties) = preSolution
		HideSolutionNode = FALSE
	EndGlobalSection
	GlobalSection(ExtensibilityGlobals) = postSolution
		SolutionGuid = {D20A3DAB-8FF1-4365-A618-F1693CF63FAB}
	EndGlobalSection
EndGlobal
